
Microsoft Visual Studio Solution File, Format Version 12.00
# Visual Studio Version 16
VisualStudioVersion = 16.0.30907.101
MinimumVisualStudioVersion = 10.0.40219.1
Project("{FAE04EC0-301F-11D3-BF4B-00C04F79EFBC}") = "AsyncAwaitNetCore", "AsyncAwaitNetCore\AsyncAwaitNetCore.csproj", "{DC316E32-8F2F-422E-A825-FBAE0C5B4F8D}"
EndProject
Global
	GlobalSection(SolutionConfigurationPlatforms) = preSolution
		Debug|Any CPU = Debug|Any CPU
		Release|Any CPU = Release|Any CPU
	EndGlobalSection
	GlobalSection(ProjectConfigurationPlatforms) = postSolution
		{DC316E32-8F2F-422E-A825-FBAE0C5B4F8D}.Debug|Any CPU.ActiveCfg = Debug|Any CPU
		{DC316E32-8F2F-422E-A825-FBAE0C5B4F8D}.Debug|Any CPU.Build.0 = Debug|Any CPU
		{DC316E32-8F2F-422E-A825-FBAE0C5B4F8D}.Release|Any CPU.ActiveCfg = Release|Any CPU
		{DC316E32-8F2F-422E-A825-FBAE0C5B4F8D}.Release|Any CPU.Build.0 = Release|Any CPU
	EndGlobalSection
	GlobalSection(SolutionProperties) = preSolution
		HideSolutionNode = FALSE
	EndGlobalSection
	GlobalSection(ExtensibilityGlobals) = postSolution
		SolutionGuid = {73E12406-17A5-4035-B74D-BD1ED221C975}
	EndGlobalSection
EndGlobal
