
Microsoft Visual Studio Solution File, Format Version 12.00
# Visual Studio 14
VisualStudioVersion = 14.0.25420.1
MinimumVisualStudioVersion = 10.0.40219.1
Project("{FAE04EC0-301F-11D3-BF4B-00C04F79EFBC}") = "DinamicAssembly_6", "DinamicAssembly_6\DinamicAssembly_6.csproj", "{5B835345-FF73-4792-9EC3-598C4FC5D715}"
EndProject
Project("{FAE04EC0-301F-11D3-BF4B-00C04F79EFBC}") = "AssemblyExample", "AssemblyExample\AssemblyExample.csproj", "{831F79B3-2CC8-41E2-8BE7-76146B4CD74E}"
EndProject
Project("{FAE04EC0-301F-11D3-BF4B-00C04F79EFBC}") = "ModuleOne", "ModuleOne\ModuleOne.csproj", "{80D17670-791F-4DBE-9B80-DCD2C07F3ED1}"
EndProject
Project("{FAE04EC0-301F-11D3-BF4B-00C04F79EFBC}") = "ModuleTwo", "ModuleTwo\ModuleTwo.csproj", "{ABACD05F-E903-4AEF-83F6-DF7D44E9BD45}"
EndProject
Project("{FAE04EC0-301F-11D3-BF4B-00C04F79EFBC}") = "ModuleThree", "ModuleThree\ModuleThree.csproj", "{AED3CD0C-EF81-4C9D-94E8-43AD597ABD4C}"
EndProject
Global
	GlobalSection(SolutionConfigurationPlatforms) = preSolution
		Debug|Any CPU = Debug|Any CPU
		Release|Any CPU = Release|Any CPU
	EndGlobalSection
	GlobalSection(ProjectConfigurationPlatforms) = postSolution
		{5B835345-FF73-4792-9EC3-598C4FC5D715}.Debug|Any CPU.ActiveCfg = Debug|Any CPU
		{5B835345-FF73-4792-9EC3-598C4FC5D715}.Debug|Any CPU.Build.0 = Debug|Any CPU
		{5B835345-FF73-4792-9EC3-598C4FC5D715}.Release|Any CPU.ActiveCfg = Release|Any CPU
		{5B835345-FF73-4792-9EC3-598C4FC5D715}.Release|Any CPU.Build.0 = Release|Any CPU
		{831F79B3-2CC8-41E2-8BE7-76146B4CD74E}.Debug|Any CPU.ActiveCfg = Debug|Any CPU
		{831F79B3-2CC8-41E2-8BE7-76146B4CD74E}.Debug|Any CPU.Build.0 = Debug|Any CPU
		{831F79B3-2CC8-41E2-8BE7-76146B4CD74E}.Release|Any CPU.ActiveCfg = Release|Any CPU
		{831F79B3-2CC8-41E2-8BE7-76146B4CD74E}.Release|Any CPU.Build.0 = Release|Any CPU
		{80D17670-791F-4DBE-9B80-DCD2C07F3ED1}.Debug|Any CPU.ActiveCfg = Debug|Any CPU
		{80D17670-791F-4DBE-9B80-DCD2C07F3ED1}.Debug|Any CPU.Build.0 = Debug|Any CPU
		{80D17670-791F-4DBE-9B80-DCD2C07F3ED1}.Release|Any CPU.ActiveCfg = Release|Any CPU
		{80D17670-791F-4DBE-9B80-DCD2C07F3ED1}.Release|Any CPU.Build.0 = Release|Any CPU
		{ABACD05F-E903-4AEF-83F6-DF7D44E9BD45}.Debug|Any CPU.ActiveCfg = Debug|Any CPU
		{ABACD05F-E903-4AEF-83F6-DF7D44E9BD45}.Debug|Any CPU.Build.0 = Debug|Any CPU
		{ABACD05F-E903-4AEF-83F6-DF7D44E9BD45}.Release|Any CPU.ActiveCfg = Release|Any CPU
		{ABACD05F-E903-4AEF-83F6-DF7D44E9BD45}.Release|Any CPU.Build.0 = Release|Any CPU
		{AED3CD0C-EF81-4C9D-94E8-43AD597ABD4C}.Debug|Any CPU.ActiveCfg = Debug|Any CPU
		{AED3CD0C-EF81-4C9D-94E8-43AD597ABD4C}.Debug|Any CPU.Build.0 = Debug|Any CPU
		{AED3CD0C-EF81-4C9D-94E8-43AD597ABD4C}.Release|Any CPU.ActiveCfg = Release|Any CPU
		{AED3CD0C-EF81-4C9D-94E8-43AD597ABD4C}.Release|Any CPU.Build.0 = Release|Any CPU
	EndGlobalSection
	GlobalSection(SolutionProperties) = preSolution
		HideSolutionNode = FALSE
	EndGlobalSection
EndGlobal
