
Microsoft Visual Studio Solution File, Format Version 12.00
# Visual Studio Version 17
VisualStudioVersion = 17.2.32526.322
MinimumVisualStudioVersion = 10.0.40219.1
Project("{FAE04EC0-301F-11D3-BF4B-00C04F79EFBC}") = "ProcessorInfo", "ProcessorInfo\ProcessorInfo.csproj", "{363E1522-3279-45B6-A95F-6314E135EEE3}"
EndProject
Project("{FAE04EC0-301F-11D3-BF4B-00C04F79EFBC}") = "ManagementClassCreator", "ManagementClassCreator\ManagementClassCreator.csproj", "{173BCCB4-8073-4645-B3A9-8AA241BD9EC1}"
EndProject
Project("{FAE04EC0-301F-11D3-BF4B-00C04F79EFBC}") = "ProcessorInformationGetter", "ProcessorInformationGetter\ProcessorInformationGetter.csproj", "{968E73A3-57FA-490B-AC15-0D124E5B9207}"
EndProject
Project("{FAE04EC0-301F-11D3-BF4B-00C04F79EFBC}") = "OsInformationGetter", "OsInformationGetter\OsInformationGetter.csproj", "{2814A783-3B55-45E5-8852-4F126F997B96}"
EndProject
Global
	GlobalSection(SolutionConfigurationPlatforms) = preSolution
		Debug|Any CPU = Debug|Any CPU
		Release|Any CPU = Release|Any CPU
	EndGlobalSection
	GlobalSection(ProjectConfigurationPlatforms) = postSolution
		{363E1522-3279-45B6-A95F-6314E135EEE3}.Debug|Any CPU.ActiveCfg = Debug|Any CPU
		{363E1522-3279-45B6-A95F-6314E135EEE3}.Debug|Any CPU.Build.0 = Debug|Any CPU
		{363E1522-3279-45B6-A95F-6314E135EEE3}.Release|Any CPU.ActiveCfg = Release|Any CPU
		{363E1522-3279-45B6-A95F-6314E135EEE3}.Release|Any CPU.Build.0 = Release|Any CPU
		{173BCCB4-8073-4645-B3A9-8AA241BD9EC1}.Debug|Any CPU.ActiveCfg = Debug|Any CPU
		{173BCCB4-8073-4645-B3A9-8AA241BD9EC1}.Debug|Any CPU.Build.0 = Debug|Any CPU
		{173BCCB4-8073-4645-B3A9-8AA241BD9EC1}.Release|Any CPU.ActiveCfg = Release|Any CPU
		{173BCCB4-8073-4645-B3A9-8AA241BD9EC1}.Release|Any CPU.Build.0 = Release|Any CPU
		{968E73A3-57FA-490B-AC15-0D124E5B9207}.Debug|Any CPU.ActiveCfg = Debug|Any CPU
		{968E73A3-57FA-490B-AC15-0D124E5B9207}.Debug|Any CPU.Build.0 = Debug|Any CPU
		{968E73A3-57FA-490B-AC15-0D124E5B9207}.Release|Any CPU.ActiveCfg = Release|Any CPU
		{968E73A3-57FA-490B-AC15-0D124E5B9207}.Release|Any CPU.Build.0 = Release|Any CPU
		{2814A783-3B55-45E5-8852-4F126F997B96}.Debug|Any CPU.ActiveCfg = Debug|Any CPU
		{2814A783-3B55-45E5-8852-4F126F997B96}.Debug|Any CPU.Build.0 = Debug|Any CPU
		{2814A783-3B55-45E5-8852-4F126F997B96}.Release|Any CPU.ActiveCfg = Release|Any CPU
		{2814A783-3B55-45E5-8852-4F126F997B96}.Release|Any CPU.Build.0 = Release|Any CPU
	EndGlobalSection
	GlobalSection(SolutionProperties) = preSolution
		HideSolutionNode = FALSE
	EndGlobalSection
	GlobalSection(ExtensibilityGlobals) = postSolution
		SolutionGuid = {A2F380C3-3B14-4201-9B7E-A47EDB67FA59}
	EndGlobalSection
EndGlobal
