
Microsoft Visual Studio Solution File, Format Version 12.00
# Visual Studio Version 16
VisualStudioVersion = 16.0.30907.101
MinimumVisualStudioVersion = 10.0.40219.1
Project("{9A19103F-16F7-4668-BE54-9A1E7A4F7556}") = "MutexSyncNetCore", "MutexSyncNetCore\MutexSyncNetCore.csproj", "{4A809F79-CB55-4ECA-8ACF-9AFAB785AC0B}"
EndProject
Global
	GlobalSection(SolutionConfigurationPlatforms) = preSolution
		Debug|Any CPU = Debug|Any CPU
		Release|Any CPU = Release|Any CPU
	EndGlobalSection
	GlobalSection(ProjectConfigurationPlatforms) = postSolution
		{4A809F79-CB55-4ECA-8ACF-9AFAB785AC0B}.Debug|Any CPU.ActiveCfg = Debug|Any CPU
		{4A809F79-CB55-4ECA-8ACF-9AFAB785AC0B}.Debug|Any CPU.Build.0 = Debug|Any CPU
		{4A809F79-CB55-4ECA-8ACF-9AFAB785AC0B}.Release|Any CPU.ActiveCfg = Release|Any CPU
		{4A809F79-CB55-4ECA-8ACF-9AFAB785AC0B}.Release|Any CPU.Build.0 = Release|Any CPU
	EndGlobalSection
	GlobalSection(SolutionProperties) = preSolution
		HideSolutionNode = FALSE
	EndGlobalSection
	GlobalSection(ExtensibilityGlobals) = postSolution
		SolutionGuid = {4445E624-8A9F-4C73-BDB8-C7FC3064E237}
	EndGlobalSection
EndGlobal
