
Microsoft Visual Studio Solution File, Format Version 12.00
# Visual Studio Version 16
VisualStudioVersion = 16.0.30907.101
MinimumVisualStudioVersion = 10.0.40219.1
Project("{FAE04EC0-301F-11D3-BF4B-00C04F79EFBC}") = "ThreadNetCore", "ThreadNetCore\ThreadNetCore.csproj", "{70066800-56BA-4690-95E1-6244DBD2CAFE}"
EndProject
Global
	GlobalSection(SolutionConfigurationPlatforms) = preSolution
		Debug|Any CPU = Debug|Any CPU
		Release|Any CPU = Release|Any CPU
	EndGlobalSection
	GlobalSection(ProjectConfigurationPlatforms) = postSolution
		{70066800-56BA-4690-95E1-6244DBD2CAFE}.Debug|Any CPU.ActiveCfg = Debug|Any CPU
		{70066800-56BA-4690-95E1-6244DBD2CAFE}.Debug|Any CPU.Build.0 = Debug|Any CPU
		{70066800-56BA-4690-95E1-6244DBD2CAFE}.Release|Any CPU.ActiveCfg = Release|Any CPU
		{70066800-56BA-4690-95E1-6244DBD2CAFE}.Release|Any CPU.Build.0 = Release|Any CPU
	EndGlobalSection
	GlobalSection(SolutionProperties) = preSolution
		HideSolutionNode = FALSE
	EndGlobalSection
	GlobalSection(ExtensibilityGlobals) = postSolution
		SolutionGuid = {00D07727-43DA-4542-A09E-E9CCAA9A8F8A}
	EndGlobalSection
EndGlobal
