
Microsoft Visual Studio Solution File, Format Version 12.00
# Visual Studio Version 17
VisualStudioVersion = 17.2.32526.322
MinimumVisualStudioVersion = 10.0.40219.1
Project("{FAE04EC0-301F-11D3-BF4B-00C04F79EFBC}") = "OptimizedApp", "OptimizedApp\OptimizedApp.csproj", "{A1C66FFB-4A2F-4AD6-999C-19CDEBF478C3}"
EndProject
Global
	GlobalSection(SolutionConfigurationPlatforms) = preSolution
		Debug|Any CPU = Debug|Any CPU
		Release|Any CPU = Release|Any CPU
	EndGlobalSection
	GlobalSection(ProjectConfigurationPlatforms) = postSolution
		{A1C66FFB-4A2F-4AD6-999C-19CDEBF478C3}.Debug|Any CPU.ActiveCfg = Debug|Any CPU
		{A1C66FFB-4A2F-4AD6-999C-19CDEBF478C3}.Debug|Any CPU.Build.0 = Debug|Any CPU
		{A1C66FFB-4A2F-4AD6-999C-19CDEBF478C3}.Release|Any CPU.ActiveCfg = Release|Any CPU
		{A1C66FFB-4A2F-4AD6-999C-19CDEBF478C3}.Release|Any CPU.Build.0 = Release|Any CPU
	EndGlobalSection
	GlobalSection(SolutionProperties) = preSolution
		HideSolutionNode = FALSE
	EndGlobalSection
	GlobalSection(ExtensibilityGlobals) = postSolution
		SolutionGuid = {1141DBDD-11FA-4869-A142-229FF734B1A2}
	EndGlobalSection
EndGlobal
