
Microsoft Visual Studio Solution File, Format Version 12.00
# Visual Studio Version 17
VisualStudioVersion = 17.2.32526.322
MinimumVisualStudioVersion = 10.0.40219.1
Project("{8BC9CEB8-8B4A-11D0-8D11-00A0C91BC942}") = "ProcessorInfo", "ProcessorInfo\ProcessorInfo.vcxproj", "{0B5B88BF-FDEE-44DC-8DF9-87A985013D74}"
EndProject
Project("{8BC9CEB8-8B4A-11D0-8D11-00A0C91BC942}") = "PI2", "PI2\PI2.vcxproj", "{0AEDCA0B-6C32-4DDA-8A8E-EC4A45EFDAD3}"
EndProject
Project("{8BC9CEB8-8B4A-11D0-8D11-00A0C91BC942}") = "PI3", "PI3\PI3.vcxproj", "{6961309B-6DD8-48C4-A2FC-759C1578ECFE}"
EndProject
Project("{8BC9CEB8-8B4A-11D0-8D11-00A0C91BC942}") = "PI4", "PI4\PI4.vcxproj", "{368D3368-18C3-4437-845C-0D7930F10987}"
EndProject
Project("{8BC9CEB8-8B4A-11D0-8D11-00A0C91BC942}") = "PI5", "PI5\PI5.vcxproj", "{5F3D667F-478D-43E1-B645-3AD936D32A95}"
EndProject
Project("{8BC9CEB8-8B4A-11D0-8D11-00A0C91BC942}") = "PI6", "PI6\PI6.vcxproj", "{3EAE833B-7995-415E-8213-7CF84B55D0C6}"
EndProject
Project("{8BC9CEB8-8B4A-11D0-8D11-00A0C91BC942}") = "PI7", "PI7\PI7.vcxproj", "{C03834B0-5F17-4D41-A08B-F8595427FF42}"
EndProject
Global
	GlobalSection(SolutionConfigurationPlatforms) = preSolution
		Debug|x64 = Debug|x64
		Debug|x86 = Debug|x86
		Release|x64 = Release|x64
		Release|x86 = Release|x86
	EndGlobalSection
	GlobalSection(ProjectConfigurationPlatforms) = postSolution
		{0B5B88BF-FDEE-44DC-8DF9-87A985013D74}.Debug|x64.ActiveCfg = Debug|x64
		{0B5B88BF-FDEE-44DC-8DF9-87A985013D74}.Debug|x64.Build.0 = Debug|x64
		{0B5B88BF-FDEE-44DC-8DF9-87A985013D74}.Debug|x86.ActiveCfg = Debug|Win32
		{0B5B88BF-FDEE-44DC-8DF9-87A985013D74}.Debug|x86.Build.0 = Debug|Win32
		{0B5B88BF-FDEE-44DC-8DF9-87A985013D74}.Release|x64.ActiveCfg = Release|x64
		{0B5B88BF-FDEE-44DC-8DF9-87A985013D74}.Release|x64.Build.0 = Release|x64
		{0B5B88BF-FDEE-44DC-8DF9-87A985013D74}.Release|x86.ActiveCfg = Release|Win32
		{0B5B88BF-FDEE-44DC-8DF9-87A985013D74}.Release|x86.Build.0 = Release|Win32
		{0AEDCA0B-6C32-4DDA-8A8E-EC4A45EFDAD3}.Debug|x64.ActiveCfg = Debug|x64
		{0AEDCA0B-6C32-4DDA-8A8E-EC4A45EFDAD3}.Debug|x64.Build.0 = Debug|x64
		{0AEDCA0B-6C32-4DDA-8A8E-EC4A45EFDAD3}.Debug|x86.ActiveCfg = Debug|Win32
		{0AEDCA0B-6C32-4DDA-8A8E-EC4A45EFDAD3}.Debug|x86.Build.0 = Debug|Win32
		{0AEDCA0B-6C32-4DDA-8A8E-EC4A45EFDAD3}.Release|x64.ActiveCfg = Release|x64
		{0AEDCA0B-6C32-4DDA-8A8E-EC4A45EFDAD3}.Release|x64.Build.0 = Release|x64
		{0AEDCA0B-6C32-4DDA-8A8E-EC4A45EFDAD3}.Release|x86.ActiveCfg = Release|Win32
		{0AEDCA0B-6C32-4DDA-8A8E-EC4A45EFDAD3}.Release|x86.Build.0 = Release|Win32
		{6961309B-6DD8-48C4-A2FC-759C1578ECFE}.Debug|x64.ActiveCfg = Debug|x64
		{6961309B-6DD8-48C4-A2FC-759C1578ECFE}.Debug|x64.Build.0 = Debug|x64
		{6961309B-6DD8-48C4-A2FC-759C1578ECFE}.Debug|x86.ActiveCfg = Debug|Win32
		{6961309B-6DD8-48C4-A2FC-759C1578ECFE}.Debug|x86.Build.0 = Debug|Win32
		{6961309B-6DD8-48C4-A2FC-759C1578ECFE}.Release|x64.ActiveCfg = Release|x64
		{6961309B-6DD8-48C4-A2FC-759C1578ECFE}.Release|x64.Build.0 = Release|x64
		{6961309B-6DD8-48C4-A2FC-759C1578ECFE}.Release|x86.ActiveCfg = Release|Win32
		{6961309B-6DD8-48C4-A2FC-759C1578ECFE}.Release|x86.Build.0 = Release|Win32
		{368D3368-18C3-4437-845C-0D7930F10987}.Debug|x64.ActiveCfg = Debug|x64
		{368D3368-18C3-4437-845C-0D7930F10987}.Debug|x64.Build.0 = Debug|x64
		{368D3368-18C3-4437-845C-0D7930F10987}.Debug|x86.ActiveCfg = Debug|Win32
		{368D3368-18C3-4437-845C-0D7930F10987}.Debug|x86.Build.0 = Debug|Win32
		{368D3368-18C3-4437-845C-0D7930F10987}.Release|x64.ActiveCfg = Release|x64
		{368D3368-18C3-4437-845C-0D7930F10987}.Release|x64.Build.0 = Release|x64
		{368D3368-18C3-4437-845C-0D7930F10987}.Release|x86.ActiveCfg = Release|Win32
		{368D3368-18C3-4437-845C-0D7930F10987}.Release|x86.Build.0 = Release|Win32
		{5F3D667F-478D-43E1-B645-3AD936D32A95}.Debug|x64.ActiveCfg = Debug|x64
		{5F3D667F-478D-43E1-B645-3AD936D32A95}.Debug|x64.Build.0 = Debug|x64
		{5F3D667F-478D-43E1-B645-3AD936D32A95}.Debug|x86.ActiveCfg = Debug|Win32
		{5F3D667F-478D-43E1-B645-3AD936D32A95}.Debug|x86.Build.0 = Debug|Win32
		{5F3D667F-478D-43E1-B645-3AD936D32A95}.Release|x64.ActiveCfg = Release|x64
		{5F3D667F-478D-43E1-B645-3AD936D32A95}.Release|x64.Build.0 = Release|x64
		{5F3D667F-478D-43E1-B645-3AD936D32A95}.Release|x86.ActiveCfg = Release|Win32
		{5F3D667F-478D-43E1-B645-3AD936D32A95}.Release|x86.Build.0 = Release|Win32
		{3EAE833B-7995-415E-8213-7CF84B55D0C6}.Debug|x64.ActiveCfg = Debug|x64
		{3EAE833B-7995-415E-8213-7CF84B55D0C6}.Debug|x64.Build.0 = Debug|x64
		{3EAE833B-7995-415E-8213-7CF84B55D0C6}.Debug|x86.ActiveCfg = Debug|Win32
		{3EAE833B-7995-415E-8213-7CF84B55D0C6}.Debug|x86.Build.0 = Debug|Win32
		{3EAE833B-7995-415E-8213-7CF84B55D0C6}.Release|x64.ActiveCfg = Release|x64
		{3EAE833B-7995-415E-8213-7CF84B55D0C6}.Release|x64.Build.0 = Release|x64
		{3EAE833B-7995-415E-8213-7CF84B55D0C6}.Release|x86.ActiveCfg = Release|Win32
		{3EAE833B-7995-415E-8213-7CF84B55D0C6}.Release|x86.Build.0 = Release|Win32
		{C03834B0-5F17-4D41-A08B-F8595427FF42}.Debug|x64.ActiveCfg = Debug|x64
		{C03834B0-5F17-4D41-A08B-F8595427FF42}.Debug|x64.Build.0 = Debug|x64
		{C03834B0-5F17-4D41-A08B-F8595427FF42}.Debug|x86.ActiveCfg = Debug|Win32
		{C03834B0-5F17-4D41-A08B-F8595427FF42}.Debug|x86.Build.0 = Debug|Win32
		{C03834B0-5F17-4D41-A08B-F8595427FF42}.Release|x64.ActiveCfg = Release|x64
		{C03834B0-5F17-4D41-A08B-F8595427FF42}.Release|x64.Build.0 = Release|x64
		{C03834B0-5F17-4D41-A08B-F8595427FF42}.Release|x86.ActiveCfg = Release|Win32
		{C03834B0-5F17-4D41-A08B-F8595427FF42}.Release|x86.Build.0 = Release|Win32
	EndGlobalSection
	GlobalSection(SolutionProperties) = preSolution
		HideSolutionNode = FALSE
	EndGlobalSection
	GlobalSection(ExtensibilityGlobals) = postSolution
		SolutionGuid = {893712AE-B7D3-43B6-BF18-4877ABED52D8}
	EndGlobalSection
EndGlobal
